
Microsoft Visual Studio Solution File, Format Version 12.00
# Visual Studio Version 17
VisualStudioVersion = 17.10.34928.147
MinimumVisualStudioVersion = 10.0.40219.1
Project("{FAE04EC0-301F-11D3-BF4B-00C04F79EFBC}") = "Krasnyanskaya221327_Lab02_Sem5_Ver1", "Krasnyanskaya221327_Lab02_Sem5_Ver1.csproj", "{32BB76B0-5DBA-4FEE-9FBB-8EA4BFF4507A}"
EndProject
Global
	GlobalSection(SolutionConfigurationPlatforms) = preSolution
		Debug|Any CPU = Debug|Any CPU
		Release|Any CPU = Release|Any CPU
	EndGlobalSection
	GlobalSection(ProjectConfigurationPlatforms) = postSolution
		{32BB76B0-5DBA-4FEE-9FBB-8EA4BFF4507A}.Debug|Any CPU.ActiveCfg = Debug|Any CPU
		{32BB76B0-5DBA-4FEE-9FBB-8EA4BFF4507A}.Debug|Any CPU.Build.0 = Debug|Any CPU
		{32BB76B0-5DBA-4FEE-9FBB-8EA4BFF4507A}.Release|Any CPU.ActiveCfg = Release|Any CPU
		{32BB76B0-5DBA-4FEE-9FBB-8EA4BFF4507A}.Release|Any CPU.Build.0 = Release|Any CPU
	EndGlobalSection
	GlobalSection(SolutionProperties) = preSolution
		HideSolutionNode = FALSE
	EndGlobalSection
	GlobalSection(ExtensibilityGlobals) = postSolution
		SolutionGuid = {EA88AC2A-4537-44B0-A27A-B4699F47D409}
	EndGlobalSection
EndGlobal
